github.com/hattya/go.diff v0.0.0-20250302122506-e3b218288b82 h1:yTzd6Esv+r7IcFA73SgBpH8+JZEh70mX6flOmZoir7k=
github.com/hattya/go.diff v0.0.0-20250302122506-e3b218288b82/go.mod h1:xxq2H7PhkAeXO4fwrZON+UrrHq9StXqofBAqbVyZYUw=
github.com/yuin/goldmark v1.7.12 h1:YwGP/rrea2/CnCtUHgjuolG/PnMxdQtPMO5PvaE2/nY=
github.com/yuin/goldmark v1.7.12/go.mod h1:ip/1k0VRfGynBgxOz0yCqHrbZXhcjxyuS66Brc7iBKg=
github.com/yuin/goldmark-emoji v1.0.6 h1:QWfF2FYaXwL74tfGOW5izeiZepUDroDJfWubQI9HTHs=
github.com/yuin/goldmark-emoji v1.0.6/go.mod h1:ukxJDKFpdFb5x0a5HqbdlcKtebh086iJpI31LTKmWuA=
