github.com/hattya/go.diff v0.0.0-20240224133603-71a674bc3067 h1:2hu7arnU6NWGAWqINIpWXymCWuRvQjCGSWyqbr4/bXs=
github.com/hattya/go.diff v0.0.0-20240224133603-71a674bc3067/go.mod h1:Tg8xKl4H4ISbNoeBgSYc7+BVm1NrvZtclVyVu8vtkyI=
github.com/yuin/goldmark v1.7.1/go.mod h1:uzxRWxtg69N339t3louHJ7+O03ezfj6PlliRlaOzY1E=
github.com/yuin/goldmark v1.7.4 h1:BDXOHExt+A7gwPCJgPIIq7ENvceR7we7rOS9TNoLZeg=
github.com/yuin/goldmark v1.7.4/go.mod h1:uzxRWxtg69N339t3louHJ7+O03ezfj6PlliRlaOzY1E=
github.com/yuin/goldmark-emoji v1.0.3 h1:aLRkLHOuBR2czCY4R8olwMjID+tENfhyFDMCRhbIQY4=
github.com/yuin/goldmark-emoji v1.0.3/go.mod h1:tTkZEbwu5wkPmgTcitqddVxY9osFZiavD+r4AzQrh1U=
